// !$*UTF8*$!
{
	archiveVersion = 1;
	classes = {
	};
	objectVersion = 50;
	objects = {

/* Begin PBXBuildFile section */
		FE02FD8223E5EF4B0071C663 /* compiler.c in Sources */ = {isa = PBXBuildFile; fileRef = FE02FD8123E5EF4B0071C663 /* compiler.c */; };
		FE02FD8523E5EF880071C663 /* scanner.c in Sources */ = {isa = PBXBuildFile; fileRef = FE02FD8423E5EF880071C663 /* scanner.c */; };
		FEC1F67023DB78A3008269B6 /* memory.c in Sources */ = {isa = PBXBuildFile; fileRef = FEC1F66A23DB78A3008269B6 /* memory.c */; };
		FEC1F67123DB78A3008269B6 /* debug.c in Sources */ = {isa = PBXBuildFile; fileRef = FEC1F66C23DB78A3008269B6 /* debug.c */; };
		FEC1F67223DB78A3008269B6 /* main.c in Sources */ = {isa = PBXBuildFile; fileRef = FEC1F66D23DB78A3008269B6 /* main.c */; };
		FEC1F67323DB78A3008269B6 /* chunk.c in Sources */ = {isa = PBXBuildFile; fileRef = FEC1F66E23DB78A3008269B6 /* chunk.c */; };
		FEC1F67723DB7CB8008269B6 /* value.c in Sources */ = {isa = PBXBuildFile; fileRef = FEC1F67623DB7CB8008269B6 /* value.c */; };
		FEC1F67A23DC6236008269B6 /* vm.c in Sources */ = {isa = PBXBuildFile; fileRef = FEC1F67923DC6236008269B6 /* vm.c */; };
/* End PBXBuildFile section */

/* Begin PBXCopyFilesBuildPhase section */
		FEC1F65C23DB788A008269B6 /* CopyFiles */ = {
			isa = PBXCopyFilesBuildPhase;
			buildActionMask = 2147483647;
			dstPath = /usr/share/man/man1/;
			dstSubfolderSpec = 0;
			files = (
			);
			runOnlyForDeploymentPostprocessing = 1;
		};
/* End PBXCopyFilesBuildPhase section */

/* Begin PBXFileReference section */
		FE02FD8023E5EF4B0071C663 /* compiler.h */ = {isa = PBXFileReference; lastKnownFileType = sourcecode.c.h; path = compiler.h; sourceTree = "<group>"; };
		FE02FD8123E5EF4B0071C663 /* compiler.c */ = {isa = PBXFileReference; lastKnownFileType = sourcecode.c.c; path = compiler.c; sourceTree = "<group>"; };
		FE02FD8323E5EF880071C663 /* scanner.h */ = {isa = PBXFileReference; lastKnownFileType = sourcecode.c.h; path = scanner.h; sourceTree = "<group>"; };
		FE02FD8423E5EF880071C663 /* scanner.c */ = {isa = PBXFileReference; lastKnownFileType = sourcecode.c.c; path = scanner.c; sourceTree = "<group>"; };
		FEC1F65E23DB788A008269B6 /* clox */ = {isa = PBXFileReference; explicitFileType = "compiled.mach-o.executable"; includeInIndex = 0; path = clox; sourceTree = BUILT_PRODUCTS_DIR; };
		FEC1F66923DB78A3008269B6 /* debug.h */ = {isa = PBXFileReference; fileEncoding = 4; lastKnownFileType = sourcecode.c.h; path = debug.h; sourceTree = "<group>"; };
		FEC1F66A23DB78A3008269B6 /* memory.c */ = {isa = PBXFileReference; fileEncoding = 4; lastKnownFileType = sourcecode.c.c; path = memory.c; sourceTree = "<group>"; };
		FEC1F66B23DB78A3008269B6 /* chunk.h */ = {isa = PBXFileReference; fileEncoding = 4; lastKnownFileType = sourcecode.c.h; path = chunk.h; sourceTree = "<group>"; };
		FEC1F66C23DB78A3008269B6 /* debug.c */ = {isa = PBXFileReference; fileEncoding = 4; lastKnownFileType = sourcecode.c.c; path = debug.c; sourceTree = "<group>"; };
		FEC1F66D23DB78A3008269B6 /* main.c */ = {isa = PBXFileReference; fileEncoding = 4; lastKnownFileType = sourcecode.c.c; path = main.c; sourceTree = "<group>"; };
		FEC1F66E23DB78A3008269B6 /* chunk.c */ = {isa = PBXFileReference; fileEncoding = 4; lastKnownFileType = sourcecode.c.c; path = chunk.c; sourceTree = "<group>"; };
		FEC1F66F23DB78A3008269B6 /* memory.h */ = {isa = PBXFileReference; fileEncoding = 4; lastKnownFileType = sourcecode.c.h; path = memory.h; sourceTree = "<group>"; };
		FEC1F67423DB78D3008269B6 /* common.h */ = {isa = PBXFileReference; fileEncoding = 4; lastKnownFileType = sourcecode.c.h; path = common.h; sourceTree = "<group>"; };
		FEC1F67523DB7AEB008269B6 /* value.h */ = {isa = PBXFileReference; lastKnownFileType = sourcecode.c.h; path = value.h; sourceTree = "<group>"; };
		FEC1F67623DB7CB8008269B6 /* value.c */ = {isa = PBXFileReference; lastKnownFileType = sourcecode.c.c; path = value.c; sourceTree = "<group>"; };
		FEC1F67823DC6236008269B6 /* vm.h */ = {isa = PBXFileReference; lastKnownFileType = sourcecode.c.h; path = vm.h; sourceTree = "<group>"; };
		FEC1F67923DC6236008269B6 /* vm.c */ = {isa = PBXFileReference; lastKnownFileType = sourcecode.c.c; path = vm.c; sourceTree = "<group>"; };
/* End PBXFileReference section */

/* Begin PBXFrameworksBuildPhase section */
		FEC1F65B23DB788A008269B6 /* Frameworks */ = {
			isa = PBXFrameworksBuildPhase;
			buildActionMask = 2147483647;
			files = (
			);
			runOnlyForDeploymentPostprocessing = 0;
		};
/* End PBXFrameworksBuildPhase section */

/* Begin PBXGroup section */
		FEC1F65523DB788A008269B6 = {
			isa = PBXGroup;
			children = (
				FEC1F66823DB78A3008269B6 /* src */,
				FEC1F65F23DB788A008269B6 /* Products */,
			);
			sourceTree = "<group>";
		};
		FEC1F65F23DB788A008269B6 /* Products */ = {
			isa = PBXGroup;
			children = (
				FEC1F65E23DB788A008269B6 /* clox */,
			);
			name = Products;
			sourceTree = "<group>";
		};
		FEC1F66823DB78A3008269B6 /* src */ = {
			isa = PBXGroup;
			children = (
				FEC1F67423DB78D3008269B6 /* common.h */,
				FEC1F66923DB78A3008269B6 /* debug.h */,
				FEC1F66C23DB78A3008269B6 /* debug.c */,
				FEC1F66F23DB78A3008269B6 /* memory.h */,
				FEC1F66A23DB78A3008269B6 /* memory.c */,
				FEC1F66B23DB78A3008269B6 /* chunk.h */,
				FEC1F66E23DB78A3008269B6 /* chunk.c */,
				FEC1F66D23DB78A3008269B6 /* main.c */,
				FEC1F67523DB7AEB008269B6 /* value.h */,
				FEC1F67623DB7CB8008269B6 /* value.c */,
				FEC1F67823DC6236008269B6 /* vm.h */,
				FEC1F67923DC6236008269B6 /* vm.c */,
				FE02FD8023E5EF4B0071C663 /* compiler.h */,
				FE02FD8123E5EF4B0071C663 /* compiler.c */,
				FE02FD8323E5EF880071C663 /* scanner.h */,
				FE02FD8423E5EF880071C663 /* scanner.c */,
			);
			path = src;
			sourceTree = "<group>";
		};
/* End PBXGroup section */

/* Begin PBXNativeTarget section */
		FEC1F65D23DB788A008269B6 /* clox */ = {
			isa = PBXNativeTarget;
			buildConfigurationList = FEC1F66523DB788A008269B6 /* Build configuration list for PBXNativeTarget "clox" */;
			buildPhases = (
				FEC1F65A23DB788A008269B6 /* Sources */,
				FEC1F65B23DB788A008269B6 /* Frameworks */,
				FEC1F65C23DB788A008269B6 /* CopyFiles */,
			);
			buildRules = (
			);
			dependencies = (
			);
			name = clox;
			productName = clox;
			productReference = FEC1F65E23DB788A008269B6 /* clox */;
			productType = "com.apple.product-type.tool";
		};
/* End PBXNativeTarget section */

/* Begin PBXProject section */
		FEC1F65623DB788A008269B6 /* Project object */ = {
			isa = PBXProject;
			attributes = {
				LastUpgradeCheck = 1130;
				ORGANIZATIONNAME = "Maarten Lauwers";
				TargetAttributes = {
					FEC1F65D23DB788A008269B6 = {
						CreatedOnToolsVersion = 11.3;
					};
				};
			};
			buildConfigurationList = FEC1F65923DB788A008269B6 /* Build configuration list for PBXProject "clox" */;
			compatibilityVersion = "Xcode 9.3";
			developmentRegion = en;
			hasScannedForEncodings = 0;
			knownRegions = (
				en,
				Base,
			);
			mainGroup = FEC1F65523DB788A008269B6;
			productRefGroup = FEC1F65F23DB788A008269B6 /* Products */;
			projectDirPath = "";
			projectRoot = "";
			targets = (
				FEC1F65D23DB788A008269B6 /* clox */,
			);
		};
/* End PBXProject section */

/* Begin PBXSourcesBuildPhase section */
		FEC1F65A23DB788A008269B6 /* Sources */ = {
			isa = PBXSourcesBuildPhase;
			buildActionMask = 2147483647;
			files = (
				FEC1F67723DB7CB8008269B6 /* value.c in Sources */,
				FEC1F67323DB78A3008269B6 /* chunk.c in Sources */,
				FEC1F67223DB78A3008269B6 /* main.c in Sources */,
				FEC1F67123DB78A3008269B6 /* debug.c in Sources */,
				FE02FD8523E5EF880071C663 /* scanner.c in Sources */,
				FE02FD8223E5EF4B0071C663 /* compiler.c in Sources */,
				FEC1F67A23DC6236008269B6 /* vm.c in Sources */,
				FEC1F67023DB78A3008269B6 /* memory.c in Sources */,
			);
			runOnlyForDeploymentPostprocessing = 0;
		};
/* End PBXSourcesBuildPhase section */

/* Begin XCBuildConfiguration section */
		FEC1F66323DB788A008269B6 /* Debug */ = {
			isa = XCBuildConfiguration;
			buildSettings = {
				ALWAYS_SEARCH_USER_PATHS = NO;
				CLANG_ANALYZER_NONNULL = YES;
				CLANG_ANALYZER_NUMBER_OBJECT_CONVERSION = YES_AGGRESSIVE;
				CLANG_CXX_LANGUAGE_STANDARD = "gnu++14";
				CLANG_CXX_LIBRARY = "libc++";
				CLANG_ENABLE_MODULES = YES;
				CLANG_ENABLE_OBJC_ARC = YES;
				CLANG_ENABLE_OBJC_WEAK = YES;
				CLANG_WARN_BLOCK_CAPTURE_AUTORELEASING = YES;
				CLANG_WARN_BOOL_CONVERSION = YES;
				CLANG_WARN_COMMA = YES;
				CLANG_WARN_CONSTANT_CONVERSION = YES;
				CLANG_WARN_DEPRECATED_OBJC_IMPLEMENTATIONS = YES;
				CLANG_WARN_DIRECT_OBJC_ISA_USAGE = YES_ERROR;
				CLANG_WARN_DOCUMENTATION_COMMENTS = YES;
				CLANG_WARN_EMPTY_BODY = YES;
				CLANG_WARN_ENUM_CONVERSION = YES;
				CLANG_WARN_INFINITE_RECURSION = YES;
				CLANG_WARN_INT_CONVERSION = YES;
				CLANG_WARN_NON_LITERAL_NULL_CONVERSION = YES;
				CLANG_WARN_OBJC_IMPLICIT_RETAIN_SELF = YES;
				CLANG_WARN_OBJC_LITERAL_CONVERSION = YES;
				CLANG_WARN_OBJC_ROOT_CLASS = YES_ERROR;
				CLANG_WARN_RANGE_LOOP_ANALYSIS = YES;
				CLANG_WARN_STRICT_PROTOTYPES = YES;
				CLANG_WARN_SUSPICIOUS_MOVE = YES;
				CLANG_WARN_UNGUARDED_AVAILABILITY = YES_AGGRESSIVE;
				CLANG_WARN_UNREACHABLE_CODE = YES;
				CLANG_WARN__DUPLICATE_METHOD_MATCH = YES;
				COPY_PHASE_STRIP = NO;
				DEBUG_INFORMATION_FORMAT = dwarf;
				ENABLE_STRICT_OBJC_MSGSEND = YES;
				ENABLE_TESTABILITY = YES;
				GCC_C_LANGUAGE_STANDARD = gnu11;
				GCC_DYNAMIC_NO_PIC = NO;
				GCC_NO_COMMON_BLOCKS = YES;
				GCC_OPTIMIZATION_LEVEL = 0;
				GCC_PREPROCESSOR_DEFINITIONS = (
					"DEBUG=1",
					"$(inherited)",
				);
				GCC_WARN_64_TO_32_BIT_CONVERSION = YES;
				GCC_WARN_ABOUT_RETURN_TYPE = YES_ERROR;
				GCC_WARN_UNDECLARED_SELECTOR = YES;
				GCC_WARN_UNINITIALIZED_AUTOS = YES_AGGRESSIVE;
				GCC_WARN_UNUSED_FUNCTION = YES;
				GCC_WARN_UNUSED_VARIABLE = YES;
				MACOSX_DEPLOYMENT_TARGET = 10.15;
				MTL_ENABLE_DEBUG_INFO = INCLUDE_SOURCE;
				MTL_FAST_MATH = YES;
				ONLY_ACTIVE_ARCH = YES;
				SDKROOT = macosx;
			};
			name = Debug;
		};
		FEC1F66423DB788A008269B6 /* Release */ = {
			isa = XCBuildConfiguration;
			buildSettings = {
				ALWAYS_SEARCH_USER_PATHS = NO;
				CLANG_ANALYZER_NONNULL = YES;
				CLANG_ANALYZER_NUMBER_OBJECT_CONVERSION = YES_AGGRESSIVE;
				CLANG_CXX_LANGUAGE_STANDARD = "gnu++14";
				CLANG_CXX_LIBRARY = "libc++";
				CLANG_ENABLE_MODULES = YES;
				CLANG_ENABLE_OBJC_ARC = YES;
				CLANG_ENABLE_OBJC_WEAK = YES;
				CLANG_WARN_BLOCK_CAPTURE_AUTORELEASING = YES;
				CLANG_WARN_BOOL_CONVERSION = YES;
				CLANG_WARN_COMMA = YES;
				CLANG_WARN_CONSTANT_CONVERSION = YES;
				CLANG_WARN_DEPRECATED_OBJC_IMPLEMENTATIONS = YES;
				CLANG_WARN_DIRECT_OBJC_ISA_USAGE = YES_ERROR;
				CLANG_WARN_DOCUMENTATION_COMMENTS = YES;
				CLANG_WARN_EMPTY_BODY = YES;
				CLANG_WARN_ENUM_CONVERSION = YES;
				CLANG_WARN_INFINITE_RECURSION = YES;
				CLANG_WARN_INT_CONVERSION = YES;
				CLANG_WARN_NON_LITERAL_NULL_CONVERSION = YES;
				CLANG_WARN_OBJC_IMPLICIT_RETAIN_SELF = YES;
				CLANG_WARN_OBJC_LITERAL_CONVERSION = YES;
				CLANG_WARN_OBJC_ROOT_CLASS = YES_ERROR;
				CLANG_WARN_RANGE_LOOP_ANALYSIS = YES;
				CLANG_WARN_STRICT_PROTOTYPES = YES;
				CLANG_WARN_SUSPICIOUS_MOVE = YES;
				CLANG_WARN_UNGUARDED_AVAILABILITY = YES_AGGRESSIVE;
				CLANG_WARN_UNREACHABLE_CODE = YES;
				CLANG_WARN__DUPLICATE_METHOD_MATCH = YES;
				COPY_PHASE_STRIP = NO;
				DEBUG_INFORMATION_FORMAT = "dwarf-with-dsym";
				ENABLE_NS_ASSERTIONS = NO;
				ENABLE_STRICT_OBJC_MSGSEND = YES;
				GCC_C_LANGUAGE_STANDARD = gnu11;
				GCC_NO_COMMON_BLOCKS = YES;
				GCC_WARN_64_TO_32_BIT_CONVERSION = YES;
				GCC_WARN_ABOUT_RETURN_TYPE = YES_ERROR;
				GCC_WARN_UNDECLARED_SELECTOR = YES;
				GCC_WARN_UNINITIALIZED_AUTOS = YES_AGGRESSIVE;
				GCC_WARN_UNUSED_FUNCTION = YES;
				GCC_WARN_UNUSED_VARIABLE = YES;
				MACOSX_DEPLOYMENT_TARGET = 10.15;
				MTL_ENABLE_DEBUG_INFO = NO;
				MTL_FAST_MATH = YES;
				SDKROOT = macosx;
			};
			name = Release;
		};
		FEC1F66623DB788A008269B6 /* Debug */ = {
			isa = XCBuildConfiguration;
			buildSettings = {
				CODE_SIGN_STYLE = Automatic;
				PRODUCT_NAME = "$(TARGET_NAME)";
			};
			name = Debug;
		};
		FEC1F66723DB788A008269B6 /* Release */ = {
			isa = XCBuildConfiguration;
			buildSettings = {
				CODE_SIGN_STYLE = Automatic;
				PRODUCT_NAME = "$(TARGET_NAME)";
			};
			name = Release;
		};
/* End XCBuildConfiguration section */

/* Begin XCConfigurationList section */
		FEC1F65923DB788A008269B6 /* Build configuration list for PBXProject "clox" */ = {
			isa = XCConfigurationList;
			buildConfigurations = (
				FEC1F66323DB788A008269B6 /* Debug */,
				FEC1F66423DB788A008269B6 /* Release */,
			);
			defaultConfigurationIsVisible = 0;
			defaultConfigurationName = Release;
		};
		FEC1F66523DB788A008269B6 /* Build configuration list for PBXNativeTarget "clox" */ = {
			isa = XCConfigurationList;
			buildConfigurations = (
				FEC1F66623DB788A008269B6 /* Debug */,
				FEC1F66723DB788A008269B6 /* Release */,
			);
			defaultConfigurationIsVisible = 0;
			defaultConfigurationName = Release;
		};
/* End XCConfigurationList section */
	};
	rootObject = FEC1F65623DB788A008269B6 /* Project object */;
}
